
Microsoft Visual Studio Solution File, Format Version 12.00
# Visual Studio Version 17
VisualStudioVersion = 17.4.33122.133
MinimumVisualStudioVersion = 10.0.40219.1
Project("{9A19103F-16F7-4668-BE54-9A1E7A4F7556}") = "PingPongTracker", "PingPongTracker\PingPongTracker.csproj", "{DF204955-C88E-4676-B4C0-542482D3F184}"
EndProject
Global
	GlobalSection(SolutionConfigurationPlatforms) = preSolution
		Debug|Any CPU = Debug|Any CPU
		Release|Any CPU = Release|Any CPU
	EndGlobalSection
	GlobalSection(ProjectConfigurationPlatforms) = postSolution
		{DF204955-C88E-4676-B4C0-542482D3F184}.Debug|Any CPU.ActiveCfg = Debug|Any CPU
		{DF204955-C88E-4676-B4C0-542482D3F184}.Debug|Any CPU.Build.0 = Debug|Any CPU
		{DF204955-C88E-4676-B4C0-542482D3F184}.Release|Any CPU.ActiveCfg = Release|Any CPU
		{DF204955-C88E-4676-B4C0-542482D3F184}.Release|Any CPU.Build.0 = Release|Any CPU
	EndGlobalSection
	GlobalSection(SolutionProperties) = preSolution
		HideSolutionNode = FALSE
	EndGlobalSection
	GlobalSection(ExtensibilityGlobals) = postSolution
		SolutionGuid = {A4A34647-DDC4-4635-8154-9C83A4DAA303}
	EndGlobalSection
EndGlobal
